
Microsoft Visual Studio Solution File, Format Version 12.00
# Visual Studio 2013
VisualStudioVersion = 12.0.31101.0
MinimumVisualStudioVersion = 10.0.40219.1
Project("{FAE04EC0-301F-11D3-BF4B-00C04F79EFBC}") = "ShoppingCartView", "ShoppingCartView\ShoppingCartView.csproj", "{D1DAE68B-C1EF-4758-B581-865056178921}"
EndProject
Project("{FAE04EC0-301F-11D3-BF4B-00C04F79EFBC}") = "ShopCart.BLL", "ShopCart.BLL\ShopCart.BLL.csproj", "{E5C5EF33-700E-4C88-9262-E6C1606FA98A}"
EndProject
Global
	GlobalSection(SolutionConfigurationPlatforms) = preSolution
		Debug|Any CPU = Debug|Any CPU
		Release|Any CPU = Release|Any CPU
	EndGlobalSection
	GlobalSection(ProjectConfigurationPlatforms) = postSolution
		{D1DAE68B-C1EF-4758-B581-865056178921}.Debug|Any CPU.ActiveCfg = Debug|Any CPU
		{D1DAE68B-C1EF-4758-B581-865056178921}.Debug|Any CPU.Build.0 = Debug|Any CPU
		{D1DAE68B-C1EF-4758-B581-865056178921}.Release|Any CPU.ActiveCfg = Release|Any CPU
		{D1DAE68B-C1EF-4758-B581-865056178921}.Release|Any CPU.Build.0 = Release|Any CPU
		{E5C5EF33-700E-4C88-9262-E6C1606FA98A}.Debug|Any CPU.ActiveCfg = Debug|Any CPU
		{E5C5EF33-700E-4C88-9262-E6C1606FA98A}.Debug|Any CPU.Build.0 = Debug|Any CPU
		{E5C5EF33-700E-4C88-9262-E6C1606FA98A}.Release|Any CPU.ActiveCfg = Release|Any CPU
		{E5C5EF33-700E-4C88-9262-E6C1606FA98A}.Release|Any CPU.Build.0 = Release|Any CPU
	EndGlobalSection
	GlobalSection(SolutionProperties) = preSolution
		HideSolutionNode = FALSE
	EndGlobalSection
EndGlobal
